
Microsoft Visual Studio Solution File, Format Version 12.00
# Visual Studio 2013
VisualStudioVersion = 12.0.30501.0
MinimumVisualStudioVersion = 10.0.40219.1
Project("{FAE04EC0-301F-11D3-BF4B-00C04F79EFBC}") = "GCGroupProject", "GCGroupProject\GCGroupProject.csproj", "{F429B8DC-6204-4B57-93B4-05B1934FC16D}"
EndProject
Global
	GlobalSection(SolutionConfigurationPlatforms) = preSolution
		Debug|Any CPU = Debug|Any CPU
		Release|Any CPU = Release|Any CPU
	EndGlobalSection
	GlobalSection(ProjectConfigurationPlatforms) = postSolution
		{F429B8DC-6204-4B57-93B4-05B1934FC16D}.Debug|Any CPU.ActiveCfg = Debug|Any CPU
		{F429B8DC-6204-4B57-93B4-05B1934FC16D}.Debug|Any CPU.Build.0 = Debug|Any CPU
		{F429B8DC-6204-4B57-93B4-05B1934FC16D}.Release|Any CPU.ActiveCfg = Release|Any CPU
		{F429B8DC-6204-4B57-93B4-05B1934FC16D}.Release|Any CPU.Build.0 = Release|Any CPU
	EndGlobalSection
	GlobalSection(SolutionProperties) = preSolution
		HideSolutionNode = FALSE
	EndGlobalSection
EndGlobal
